
Microsoft Visual Studio Solution File, Format Version 12.00
# Visual Studio Version 17
VisualStudioVersion = 17.10.35004.147
MinimumVisualStudioVersion = 10.0.40219.1
Project("{FAE04EC0-301F-11D3-BF4B-00C04F79EFBC}") = "aruhazdolgozat", "aruhazdolgozat\aruhazdolgozat.csproj", "{F982D1F1-58E9-409C-9067-8F024D8D0A26}"
EndProject
Global
	GlobalSection(SolutionConfigurationPlatforms) = preSolution
		Debug|Any CPU = Debug|Any CPU
		Release|Any CPU = Release|Any CPU
	EndGlobalSection
	GlobalSection(ProjectConfigurationPlatforms) = postSolution
		{F982D1F1-58E9-409C-9067-8F024D8D0A26}.Debug|Any CPU.ActiveCfg = Debug|Any CPU
		{F982D1F1-58E9-409C-9067-8F024D8D0A26}.Debug|Any CPU.Build.0 = Debug|Any CPU
		{F982D1F1-58E9-409C-9067-8F024D8D0A26}.Release|Any CPU.ActiveCfg = Release|Any CPU
		{F982D1F1-58E9-409C-9067-8F024D8D0A26}.Release|Any CPU.Build.0 = Release|Any CPU
	EndGlobalSection
	GlobalSection(SolutionProperties) = preSolution
		HideSolutionNode = FALSE
	EndGlobalSection
	GlobalSection(ExtensibilityGlobals) = postSolution
		SolutionGuid = {ED73DEFF-DDD7-4781-BBDC-C9DA30A6459C}
	EndGlobalSection
EndGlobal
